
Microsoft Visual Studio Solution File, Format Version 12.00
# Visual Studio Version 17
VisualStudioVersion = 17.5.33530.505
MinimumVisualStudioVersion = 10.0.40219.1
Project("{8BC9CEB8-8B4A-11D0-8D11-00A0C91BC942}") = "srom1.0", "srom1.0.vcxproj", "{35C78023-C560-4471-8DE6-873A6F03FD4A}"
EndProject
Global
	GlobalSection(SolutionConfigurationPlatforms) = preSolution
		Debug|x64 = Debug|x64
		Debug|x86 = Debug|x86
		Release|x64 = Release|x64
		Release|x86 = Release|x86
	EndGlobalSection
	GlobalSection(ProjectConfigurationPlatforms) = postSolution
		{35C78023-C560-4471-8DE6-873A6F03FD4A}.Debug|x64.ActiveCfg = Debug|x64
		{35C78023-C560-4471-8DE6-873A6F03FD4A}.Debug|x64.Build.0 = Debug|x64
		{35C78023-C560-4471-8DE6-873A6F03FD4A}.Debug|x86.ActiveCfg = Debug|Win32
		{35C78023-C560-4471-8DE6-873A6F03FD4A}.Debug|x86.Build.0 = Debug|Win32
		{35C78023-C560-4471-8DE6-873A6F03FD4A}.Release|x64.ActiveCfg = Release|x64
		{35C78023-C560-4471-8DE6-873A6F03FD4A}.Release|x64.Build.0 = Release|x64
		{35C78023-C560-4471-8DE6-873A6F03FD4A}.Release|x86.ActiveCfg = Release|Win32
		{35C78023-C560-4471-8DE6-873A6F03FD4A}.Release|x86.Build.0 = Release|Win32
	EndGlobalSection
	GlobalSection(SolutionProperties) = preSolution
		HideSolutionNode = FALSE
	EndGlobalSection
	GlobalSection(ExtensibilityGlobals) = postSolution
		SolutionGuid = {C1073B42-2963-452B-BDDE-071BB0229D7D}
	EndGlobalSection
EndGlobal
